// !$*UTF8*$!
{
	archiveVersion = 1;
	classes = {
	};
	objectVersion = 46;
	objects = {

/* Begin PBXBuildFile section */
		B02CBFBF19661DC10056D034 /* Ivalo.h in Headers */ = {isa = PBXBuildFile; fileRef = B02CBFBE19661DC10056D034 /* Ivalo.h */; settings = {ATTRIBUTES = (Public, ); }; };
		B02CBFC519661DC10056D034 /* Ivalo.framework in Frameworks */ = {isa = PBXBuildFile; fileRef = B02CBFB919661DC10056D034 /* Ivalo.framework */; };
		B02CBFCC19661DC10056D034 /* IvaloTests.swift in Sources */ = {isa = PBXBuildFile; fileRef = B02CBFCB19661DC10056D034 /* IvaloTests.swift */; };
		B02CC007196753C60056D034 /* Base.swift in Sources */ = {isa = PBXBuildFile; fileRef = B02CC006196753C60056D034 /* Base.swift */; };
		B02CC0091967543C0056D034 /* Snuggle.swift in Sources */ = {isa = PBXBuildFile; fileRef = B02CC0081967543C0056D034 /* Snuggle.swift */; };
		B02CC01319676B0B0056D034 /* AppDelegate.swift in Sources */ = {isa = PBXBuildFile; fileRef = B02CC01219676B0B0056D034 /* AppDelegate.swift */; };
		B02CC01519676B0B0056D034 /* FirstViewController.swift in Sources */ = {isa = PBXBuildFile; fileRef = B02CC01419676B0B0056D034 /* FirstViewController.swift */; };
		B02CC01719676B0B0056D034 /* SecondViewController.swift in Sources */ = {isa = PBXBuildFile; fileRef = B02CC01619676B0B0056D034 /* SecondViewController.swift */; };
		B02CC01A19676B0B0056D034 /* Main.storyboard in Resources */ = {isa = PBXBuildFile; fileRef = B02CC01819676B0B0056D034 /* Main.storyboard */; };
		B02CC01C19676B0B0056D034 /* Images.xcassets in Resources */ = {isa = PBXBuildFile; fileRef = B02CC01B19676B0B0056D034 /* Images.xcassets */; };
		B02CC02F19676B580056D034 /* Ivalo.framework in Frameworks */ = {isa = PBXBuildFile; fileRef = B02CBFB919661DC10056D034 /* Ivalo.framework */; };
		B02CC031196956CA0056D034 /* Expression.swift in Sources */ = {isa = PBXBuildFile; fileRef = B02CC030196956CA0056D034 /* Expression.swift */; };
/* End PBXBuildFile section */

/* Begin PBXContainerItemProxy section */
		B02CBFC619661DC10056D034 /* PBXContainerItemProxy */ = {
			isa = PBXContainerItemProxy;
			containerPortal = B02CBFB019661DC10056D034 /* Project object */;
			proxyType = 1;
			remoteGlobalIDString = B02CBFB819661DC10056D034;
			remoteInfo = Ivalo;
		};
		B02CC032196957060056D034 /* PBXContainerItemProxy */ = {
			isa = PBXContainerItemProxy;
			containerPortal = B02CBFB019661DC10056D034 /* Project object */;
			proxyType = 1;
			remoteGlobalIDString = B02CBFB819661DC10056D034;
			remoteInfo = Ivalo;
		};
/* End PBXContainerItemProxy section */

/* Begin PBXFileReference section */
		B02CBFB919661DC10056D034 /* Ivalo.framework */ = {isa = PBXFileReference; explicitFileType = wrapper.framework; includeInIndex = 0; path = Ivalo.framework; sourceTree = BUILT_PRODUCTS_DIR; };
		B02CBFBD19661DC10056D034 /* Info.plist */ = {isa = PBXFileReference; lastKnownFileType = text.plist.xml; path = Info.plist; sourceTree = "<group>"; };
		B02CBFBE19661DC10056D034 /* Ivalo.h */ = {isa = PBXFileReference; lastKnownFileType = sourcecode.c.h; path = Ivalo.h; sourceTree = "<group>"; };
		B02CBFC419661DC10056D034 /* IvaloTests.xctest */ = {isa = PBXFileReference; explicitFileType = wrapper.cfbundle; includeInIndex = 0; path = IvaloTests.xctest; sourceTree = BUILT_PRODUCTS_DIR; };
		B02CBFCA19661DC10056D034 /* Info.plist */ = {isa = PBXFileReference; lastKnownFileType = text.plist.xml; path = Info.plist; sourceTree = "<group>"; };
		B02CBFCB19661DC10056D034 /* IvaloTests.swift */ = {isa = PBXFileReference; lastKnownFileType = sourcecode.swift; path = IvaloTests.swift; sourceTree = "<group>"; };
		B02CC006196753C60056D034 /* Base.swift */ = {isa = PBXFileReference; fileEncoding = 4; lastKnownFileType = sourcecode.swift; path = Base.swift; sourceTree = "<group>"; };
		B02CC0081967543C0056D034 /* Snuggle.swift */ = {isa = PBXFileReference; fileEncoding = 4; lastKnownFileType = sourcecode.swift; path = Snuggle.swift; sourceTree = "<group>"; };
		B02CC00E19676B0B0056D034 /* IvaloExample.app */ = {isa = PBXFileReference; explicitFileType = wrapper.application; includeInIndex = 0; path = IvaloExample.app; sourceTree = BUILT_PRODUCTS_DIR; };
		B02CC01119676B0B0056D034 /* Info.plist */ = {isa = PBXFileReference; lastKnownFileType = text.plist.xml; path = Info.plist; sourceTree = "<group>"; };
		B02CC01219676B0B0056D034 /* AppDelegate.swift */ = {isa = PBXFileReference; lastKnownFileType = sourcecode.swift; path = AppDelegate.swift; sourceTree = "<group>"; };
		B02CC01419676B0B0056D034 /* FirstViewController.swift */ = {isa = PBXFileReference; lastKnownFileType = sourcecode.swift; path = FirstViewController.swift; sourceTree = "<group>"; };
		B02CC01619676B0B0056D034 /* SecondViewController.swift */ = {isa = PBXFileReference; lastKnownFileType = sourcecode.swift; path = SecondViewController.swift; sourceTree = "<group>"; };
		B02CC01919676B0B0056D034 /* Base */ = {isa = PBXFileReference; lastKnownFileType = file.storyboard; name = Base; path = Base.lproj/Main.storyboard; sourceTree = "<group>"; };
		B02CC01B19676B0B0056D034 /* Images.xcassets */ = {isa = PBXFileReference; lastKnownFileType = folder.assetcatalog; path = Images.xcassets; sourceTree = "<group>"; };
		B02CC030196956CA0056D034 /* Expression.swift */ = {isa = PBXFileReference; fileEncoding = 4; lastKnownFileType = sourcecode.swift; path = Expression.swift; sourceTree = "<group>"; };
/* End PBXFileReference section */

/* Begin PBXFrameworksBuildPhase section */
		B02CBFB519661DC10056D034 /* Frameworks */ = {
			isa = PBXFrameworksBuildPhase;
			buildActionMask = 2147483647;
			files = (
			);
			runOnlyForDeploymentPostprocessing = 0;
		};
		B02CBFC119661DC10056D034 /* Frameworks */ = {
			isa = PBXFrameworksBuildPhase;
			buildActionMask = 2147483647;
			files = (
				B02CBFC519661DC10056D034 /* Ivalo.framework in Frameworks */,
			);
			runOnlyForDeploymentPostprocessing = 0;
		};
		B02CC00B19676B0B0056D034 /* Frameworks */ = {
			isa = PBXFrameworksBuildPhase;
			buildActionMask = 2147483647;
			files = (
				B02CC02F19676B580056D034 /* Ivalo.framework in Frameworks */,
			);
			runOnlyForDeploymentPostprocessing = 0;
		};
/* End PBXFrameworksBuildPhase section */

/* Begin PBXGroup section */
		B02CBFAF19661DC10056D034 = {
			isa = PBXGroup;
			children = (
				B02CBFBB19661DC10056D034 /* Ivalo */,
				B02CBFC819661DC10056D034 /* IvaloTests */,
				B02CC00F19676B0B0056D034 /* IvaloExample */,
				B02CBFBA19661DC10056D034 /* Products */,
			);
			sourceTree = "<group>";
		};
		B02CBFBA19661DC10056D034 /* Products */ = {
			isa = PBXGroup;
			children = (
				B02CBFB919661DC10056D034 /* Ivalo.framework */,
				B02CBFC419661DC10056D034 /* IvaloTests.xctest */,
				B02CC00E19676B0B0056D034 /* IvaloExample.app */,
			);
			name = Products;
			sourceTree = "<group>";
		};
		B02CBFBB19661DC10056D034 /* Ivalo */ = {
			isa = PBXGroup;
			children = (
				B02CBFBE19661DC10056D034 /* Ivalo.h */,
				B02CBFBC19661DC10056D034 /* Supporting Files */,
				B02CC006196753C60056D034 /* Base.swift */,
				B02CC0081967543C0056D034 /* Snuggle.swift */,
				B02CC030196956CA0056D034 /* Expression.swift */,
			);
			path = Ivalo;
			sourceTree = "<group>";
		};
		B02CBFBC19661DC10056D034 /* Supporting Files */ = {
			isa = PBXGroup;
			children = (
				B02CBFBD19661DC10056D034 /* Info.plist */,
			);
			name = "Supporting Files";
			sourceTree = "<group>";
		};
		B02CBFC819661DC10056D034 /* IvaloTests */ = {
			isa = PBXGroup;
			children = (
				B02CBFCB19661DC10056D034 /* IvaloTests.swift */,
				B02CBFC919661DC10056D034 /* Supporting Files */,
			);
			path = IvaloTests;
			sourceTree = "<group>";
		};
		B02CBFC919661DC10056D034 /* Supporting Files */ = {
			isa = PBXGroup;
			children = (
				B02CBFCA19661DC10056D034 /* Info.plist */,
			);
			name = "Supporting Files";
			sourceTree = "<group>";
		};
		B02CC00F19676B0B0056D034 /* IvaloExample */ = {
			isa = PBXGroup;
			children = (
				B02CC01219676B0B0056D034 /* AppDelegate.swift */,
				B02CC01419676B0B0056D034 /* FirstViewController.swift */,
				B02CC01619676B0B0056D034 /* SecondViewController.swift */,
				B02CC01819676B0B0056D034 /* Main.storyboard */,
				B02CC01B19676B0B0056D034 /* Images.xcassets */,
				B02CC01019676B0B0056D034 /* Supporting Files */,
			);
			path = IvaloExample;
			sourceTree = "<group>";
		};
		B02CC01019676B0B0056D034 /* Supporting Files */ = {
			isa = PBXGroup;
			children = (
				B02CC01119676B0B0056D034 /* Info.plist */,
			);
			name = "Supporting Files";
			sourceTree = "<group>";
		};
/* End PBXGroup section */

/* Begin PBXHeadersBuildPhase section */
		B02CBFB619661DC10056D034 /* Headers */ = {
			isa = PBXHeadersBuildPhase;
			buildActionMask = 2147483647;
			files = (
				B02CBFBF19661DC10056D034 /* Ivalo.h in Headers */,
			);
			runOnlyForDeploymentPostprocessing = 0;
		};
/* End PBXHeadersBuildPhase section */

/* Begin PBXNativeTarget section */
		B02CBFB819661DC10056D034 /* Ivalo */ = {
			isa = PBXNativeTarget;
			buildConfigurationList = B02CBFCF19661DC10056D034 /* Build configuration list for PBXNativeTarget "Ivalo" */;
			buildPhases = (
				B02CBFB419661DC10056D034 /* Sources */,
				B02CBFB519661DC10056D034 /* Frameworks */,
				B02CBFB619661DC10056D034 /* Headers */,
				B02CBFB719661DC10056D034 /* Resources */,
			);
			buildRules = (
			);
			dependencies = (
			);
			name = Ivalo;
			productName = Ivalo;
			productReference = B02CBFB919661DC10056D034 /* Ivalo.framework */;
			productType = "com.apple.product-type.framework";
		};
		B02CBFC319661DC10056D034 /* IvaloTests */ = {
			isa = PBXNativeTarget;
			buildConfigurationList = B02CBFD219661DC10056D034 /* Build configuration list for PBXNativeTarget "IvaloTests" */;
			buildPhases = (
				B02CBFC019661DC10056D034 /* Sources */,
				B02CBFC119661DC10056D034 /* Frameworks */,
				B02CBFC219661DC10056D034 /* Resources */,
			);
			buildRules = (
			);
			dependencies = (
				B02CBFC719661DC10056D034 /* PBXTargetDependency */,
			);
			name = IvaloTests;
			productName = IvaloTests;
			productReference = B02CBFC419661DC10056D034 /* IvaloTests.xctest */;
			productType = "com.apple.product-type.bundle.unit-test";
		};
		B02CC00D19676B0B0056D034 /* IvaloExample */ = {
			isa = PBXNativeTarget;
			buildConfigurationList = B02CC02919676B0B0056D034 /* Build configuration list for PBXNativeTarget "IvaloExample" */;
			buildPhases = (
				B02CC00A19676B0B0056D034 /* Sources */,
				B02CC00B19676B0B0056D034 /* Frameworks */,
				B02CC00C19676B0B0056D034 /* Resources */,
			);
			buildRules = (
			);
			dependencies = (
				B02CC033196957060056D034 /* PBXTargetDependency */,
			);
			name = IvaloExample;
			productName = IvaloExample;
			productReference = B02CC00E19676B0B0056D034 /* IvaloExample.app */;
			productType = "com.apple.product-type.application";
		};
/* End PBXNativeTarget section */

/* Begin PBXProject section */
		B02CBFB019661DC10056D034 /* Project object */ = {
			isa = PBXProject;
			attributes = {
				LastUpgradeCheck = 0600;
				ORGANIZATIONNAME = "Jaakko Kangasharju";
				TargetAttributes = {
					B02CBFB819661DC10056D034 = {
						CreatedOnToolsVersion = 6.0;
						DevelopmentTeam = DLQCQF2UW6;
					};
					B02CBFC319661DC10056D034 = {
						CreatedOnToolsVersion = 6.0;
						TestTargetID = B02CBFB819661DC10056D034;
					};
					B02CC00D19676B0B0056D034 = {
						CreatedOnToolsVersion = 6.0;
					};
				};
			};
			buildConfigurationList = B02CBFB319661DC10056D034 /* Build configuration list for PBXProject "Ivalo" */;
			compatibilityVersion = "Xcode 3.2";
			developmentRegion = English;
			hasScannedForEncodings = 0;
			knownRegions = (
				en,
				Base,
			);
			mainGroup = B02CBFAF19661DC10056D034;
			productRefGroup = B02CBFBA19661DC10056D034 /* Products */;
			projectDirPath = "";
			projectRoot = "";
			targets = (
				B02CBFB819661DC10056D034 /* Ivalo */,
				B02CBFC319661DC10056D034 /* IvaloTests */,
				B02CC00D19676B0B0056D034 /* IvaloExample */,
			);
		};
/* End PBXProject section */

/* Begin PBXResourcesBuildPhase section */
		B02CBFB719661DC10056D034 /* Resources */ = {
			isa = PBXResourcesBuildPhase;
			buildActionMask = 2147483647;
			files = (
			);
			runOnlyForDeploymentPostprocessing = 0;
		};
		B02CBFC219661DC10056D034 /* Resources */ = {
			isa = PBXResourcesBuildPhase;
			buildActionMask = 2147483647;
			files = (
			);
			runOnlyForDeploymentPostprocessing = 0;
		};
		B02CC00C19676B0B0056D034 /* Resources */ = {
			isa = PBXResourcesBuildPhase;
			buildActionMask = 2147483647;
			files = (
				B02CC01A19676B0B0056D034 /* Main.storyboard in Resources */,
				B02CC01C19676B0B0056D034 /* Images.xcassets in Resources */,
			);
			runOnlyForDeploymentPostprocessing = 0;
		};
/* End PBXResourcesBuildPhase section */

/* Begin PBXSourcesBuildPhase section */
		B02CBFB419661DC10056D034 /* Sources */ = {
			isa = PBXSourcesBuildPhase;
			buildActionMask = 2147483647;
			files = (
				B02CC007196753C60056D034 /* Base.swift in Sources */,
				B02CC0091967543C0056D034 /* Snuggle.swift in Sources */,
				B02CC031196956CA0056D034 /* Expression.swift in Sources */,
			);
			runOnlyForDeploymentPostprocessing = 0;
		};
		B02CBFC019661DC10056D034 /* Sources */ = {
			isa = PBXSourcesBuildPhase;
			buildActionMask = 2147483647;
			files = (
				B02CBFCC19661DC10056D034 /* IvaloTests.swift in Sources */,
			);
			runOnlyForDeploymentPostprocessing = 0;
		};
		B02CC00A19676B0B0056D034 /* Sources */ = {
			isa = PBXSourcesBuildPhase;
			buildActionMask = 2147483647;
			files = (
				B02CC01719676B0B0056D034 /* SecondViewController.swift in Sources */,
				B02CC01319676B0B0056D034 /* AppDelegate.swift in Sources */,
				B02CC01519676B0B0056D034 /* FirstViewController.swift in Sources */,
			);
			runOnlyForDeploymentPostprocessing = 0;
		};
/* End PBXSourcesBuildPhase section */

/* Begin PBXTargetDependency section */
		B02CBFC719661DC10056D034 /* PBXTargetDependency */ = {
			isa = PBXTargetDependency;
			target = B02CBFB819661DC10056D034 /* Ivalo */;
			targetProxy = B02CBFC619661DC10056D034 /* PBXContainerItemProxy */;
		};
		B02CC033196957060056D034 /* PBXTargetDependency */ = {
			isa = PBXTargetDependency;
			target = B02CBFB819661DC10056D034 /* Ivalo */;
			targetProxy = B02CC032196957060056D034 /* PBXContainerItemProxy */;
		};
/* End PBXTargetDependency section */

/* Begin PBXVariantGroup section */
		B02CC01819676B0B0056D034 /* Main.storyboard */ = {
			isa = PBXVariantGroup;
			children = (
				B02CC01919676B0B0056D034 /* Base */,
			);
			name = Main.storyboard;
			sourceTree = "<group>";
		};
/* End PBXVariantGroup section */

/* Begin XCBuildConfiguration section */
		B02CBFCD19661DC10056D034 /* Debug */ = {
			isa = XCBuildConfiguration;
			buildSettings = {
				ALWAYS_SEARCH_USER_PATHS = NO;
				CLANG_CXX_LANGUAGE_STANDARD = "gnu++0x";
				CLANG_CXX_LIBRARY = "libc++";
				CLANG_ENABLE_MODULES = YES;
				CLANG_ENABLE_OBJC_ARC = YES;
				CLANG_WARN_BOOL_CONVERSION = YES;
				CLANG_WARN_CONSTANT_CONVERSION = YES;
				CLANG_WARN_DIRECT_OBJC_ISA_USAGE = YES_ERROR;
				CLANG_WARN_EMPTY_BODY = YES;
				CLANG_WARN_ENUM_CONVERSION = YES;
				CLANG_WARN_INT_CONVERSION = YES;
				CLANG_WARN_OBJC_ROOT_CLASS = YES_ERROR;
				CLANG_WARN_UNREACHABLE_CODE = YES;
				CLANG_WARN__DUPLICATE_METHOD_MATCH = YES;
				"CODE_SIGN_IDENTITY[sdk=iphoneos*]" = "iPhone Developer";
				COPY_PHASE_STRIP = NO;
				CURRENT_PROJECT_VERSION = 1;
				ENABLE_STRICT_OBJC_MSGSEND = YES;
				GCC_C_LANGUAGE_STANDARD = gnu99;
				GCC_DYNAMIC_NO_PIC = NO;
				GCC_OPTIMIZATION_LEVEL = 0;
				GCC_PREPROCESSOR_DEFINITIONS = (
					"DEBUG=1",
					"$(inherited)",
				);
				GCC_SYMBOLS_PRIVATE_EXTERN = NO;
				GCC_WARN_64_TO_32_BIT_CONVERSION = YES;
				GCC_WARN_ABOUT_RETURN_TYPE = YES_ERROR;
				GCC_WARN_UNDECLARED_SELECTOR = YES;
				GCC_WARN_UNINITIALIZED_AUTOS = YES_AGGRESSIVE;
				GCC_WARN_UNUSED_FUNCTION = YES;
				GCC_WARN_UNUSED_VARIABLE = YES;
				IPHONEOS_DEPLOYMENT_TARGET = 8.0;
				METAL_ENABLE_DEBUG_INFO = YES;
				ONLY_ACTIVE_ARCH = YES;
				SDKROOT = iphoneos;
				SWIFT_OPTIMIZATION_LEVEL = "-Onone";
				TARGETED_DEVICE_FAMILY = "1,2";
				VERSIONING_SYSTEM = "apple-generic";
				VERSION_INFO_PREFIX = "";
			};
			name = Debug;
		};
		B02CBFCE19661DC10056D034 /* Release */ = {
			isa = XCBuildConfiguration;
			buildSettings = {
				ALWAYS_SEARCH_USER_PATHS = NO;
				CLANG_CXX_LANGUAGE_STANDARD = "gnu++0x";
				CLANG_CXX_LIBRARY = "libc++";
				CLANG_ENABLE_MODULES = YES;
				CLANG_ENABLE_OBJC_ARC = YES;
				CLANG_WARN_BOOL_CONVERSION = YES;
				CLANG_WARN_CONSTANT_CONVERSION = YES;
				CLANG_WARN_DIRECT_OBJC_ISA_USAGE = YES_ERROR;
				CLANG_WARN_EMPTY_BODY = YES;
				CLANG_WARN_ENUM_CONVERSION = YES;
				CLANG_WARN_INT_CONVERSION = YES;
				CLANG_WARN_OBJC_ROOT_CLASS = YES_ERROR;
				CLANG_WARN_UNREACHABLE_CODE = YES;
				CLANG_WARN__DUPLICATE_METHOD_MATCH = YES;
				"CODE_SIGN_IDENTITY[sdk=iphoneos*]" = "iPhone Developer";
				COPY_PHASE_STRIP = YES;
				CURRENT_PROJECT_VERSION = 1;
				ENABLE_NS_ASSERTIONS = NO;
				ENABLE_STRICT_OBJC_MSGSEND = YES;
				GCC_C_LANGUAGE_STANDARD = gnu99;
				GCC_WARN_64_TO_32_BIT_CONVERSION = YES;
				GCC_WARN_ABOUT_RETURN_TYPE = YES_ERROR;
				GCC_WARN_UNDECLARED_SELECTOR = YES;
				GCC_WARN_UNINITIALIZED_AUTOS = YES_AGGRESSIVE;
				GCC_WARN_UNUSED_FUNCTION = YES;
				GCC_WARN_UNUSED_VARIABLE = YES;
				IPHONEOS_DEPLOYMENT_TARGET = 8.0;
				METAL_ENABLE_DEBUG_INFO = NO;
				SDKROOT = iphoneos;
				TARGETED_DEVICE_FAMILY = "1,2";
				VALIDATE_PRODUCT = YES;
				VERSIONING_SYSTEM = "apple-generic";
				VERSION_INFO_PREFIX = "";
			};
			name = Release;
		};
		B02CBFD019661DC10056D034 /* Debug */ = {
			isa = XCBuildConfiguration;
			buildSettings = {
				CLANG_ENABLE_MODULES = YES;
				CODE_SIGN_IDENTITY = "iPhone Developer";
				DEFINES_MODULE = YES;
				DYLIB_COMPATIBILITY_VERSION = 1;
				DYLIB_CURRENT_VERSION = 1;
				DYLIB_INSTALL_NAME_BASE = "@rpath";
				INFOPLIST_FILE = Ivalo/Info.plist;
				INSTALL_PATH = "$(LOCAL_LIBRARY_DIR)/Frameworks";
				LD_RUNPATH_SEARCH_PATHS = "$(inherited) @executable_path/Frameworks @loader_path/Frameworks";
				PRODUCT_NAME = "$(TARGET_NAME)";
				SKIP_INSTALL = YES;
				SWIFT_OPTIMIZATION_LEVEL = "-Onone";
			};
			name = Debug;
		};
		B02CBFD119661DC10056D034 /* Release */ = {
			isa = XCBuildConfiguration;
			buildSettings = {
				CLANG_ENABLE_MODULES = YES;
				CODE_SIGN_IDENTITY = "iPhone Developer";
				DEFINES_MODULE = YES;
				DYLIB_COMPATIBILITY_VERSION = 1;
				DYLIB_CURRENT_VERSION = 1;
				DYLIB_INSTALL_NAME_BASE = "@rpath";
				INFOPLIST_FILE = Ivalo/Info.plist;
				INSTALL_PATH = "$(LOCAL_LIBRARY_DIR)/Frameworks";
				LD_RUNPATH_SEARCH_PATHS = "$(inherited) @executable_path/Frameworks @loader_path/Frameworks";
				PRODUCT_NAME = "$(TARGET_NAME)";
				SKIP_INSTALL = YES;
			};
			name = Release;
		};
		B02CBFD319661DC10056D034 /* Debug */ = {
			isa = XCBuildConfiguration;
			buildSettings = {
				FRAMEWORK_SEARCH_PATHS = (
					"$(SDKROOT)/Developer/Library/Frameworks",
					"$(inherited)",
				);
				GCC_PREPROCESSOR_DEFINITIONS = (
					"DEBUG=1",
					"$(inherited)",
				);
				INFOPLIST_FILE = IvaloTests/Info.plist;
				LD_RUNPATH_SEARCH_PATHS = "$(inherited) @executable_path/Frameworks @loader_path/Frameworks";
				METAL_ENABLE_DEBUG_INFO = YES;
				PRODUCT_NAME = "$(TARGET_NAME)";
			};
			name = Debug;
		};
		B02CBFD419661DC10056D034 /* Release */ = {
			isa = XCBuildConfiguration;
			buildSettings = {
				FRAMEWORK_SEARCH_PATHS = (
					"$(SDKROOT)/Developer/Library/Frameworks",
					"$(inherited)",
				);
				INFOPLIST_FILE = IvaloTests/Info.plist;
				LD_RUNPATH_SEARCH_PATHS = "$(inherited) @executable_path/Frameworks @loader_path/Frameworks";
				METAL_ENABLE_DEBUG_INFO = NO;
				PRODUCT_NAME = "$(TARGET_NAME)";
			};
			name = Release;
		};
		B02CC02A19676B0B0056D034 /* Debug */ = {
			isa = XCBuildConfiguration;
			buildSettings = {
				ASSETCATALOG_COMPILER_APPICON_NAME = AppIcon;
				ASSETCATALOG_COMPILER_LAUNCHIMAGE_NAME = LaunchImage;
				GCC_PREPROCESSOR_DEFINITIONS = (
					"DEBUG=1",
					"$(inherited)",
				);
				INFOPLIST_FILE = IvaloExample/Info.plist;
				LD_RUNPATH_SEARCH_PATHS = "$(inherited) @executable_path/Frameworks";
				METAL_ENABLE_DEBUG_INFO = YES;
				PRODUCT_NAME = "$(TARGET_NAME)";
			};
			name = Debug;
		};
		B02CC02B19676B0B0056D034 /* Release */ = {
			isa = XCBuildConfiguration;
			buildSettings = {
				ASSETCATALOG_COMPILER_APPICON_NAME = AppIcon;
				ASSETCATALOG_COMPILER_LAUNCHIMAGE_NAME = LaunchImage;
				INFOPLIST_FILE = IvaloExample/Info.plist;
				LD_RUNPATH_SEARCH_PATHS = "$(inherited) @executable_path/Frameworks";
				METAL_ENABLE_DEBUG_INFO = NO;
				PRODUCT_NAME = "$(TARGET_NAME)";
			};
			name = Release;
		};
/* End XCBuildConfiguration section */

/* Begin XCConfigurationList section */
		B02CBFB319661DC10056D034 /* Build configuration list for PBXProject "Ivalo" */ = {
			isa = XCConfigurationList;
			buildConfigurations = (
				B02CBFCD19661DC10056D034 /* Debug */,
				B02CBFCE19661DC10056D034 /* Release */,
			);
			defaultConfigurationIsVisible = 0;
			defaultConfigurationName = Release;
		};
		B02CBFCF19661DC10056D034 /* Build configuration list for PBXNativeTarget "Ivalo" */ = {
			isa = XCConfigurationList;
			buildConfigurations = (
				B02CBFD019661DC10056D034 /* Debug */,
				B02CBFD119661DC10056D034 /* Release */,
			);
			defaultConfigurationIsVisible = 0;
		};
		B02CBFD219661DC10056D034 /* Build configuration list for PBXNativeTarget "IvaloTests" */ = {
			isa = XCConfigurationList;
			buildConfigurations = (
				B02CBFD319661DC10056D034 /* Debug */,
				B02CBFD419661DC10056D034 /* Release */,
			);
			defaultConfigurationIsVisible = 0;
		};
		B02CC02919676B0B0056D034 /* Build configuration list for PBXNativeTarget "IvaloExample" */ = {
			isa = XCConfigurationList;
			buildConfigurations = (
				B02CC02A19676B0B0056D034 /* Debug */,
				B02CC02B19676B0B0056D034 /* Release */,
			);
			defaultConfigurationIsVisible = 0;
		};
/* End XCConfigurationList section */
	};
	rootObject = B02CBFB019661DC10056D034 /* Project object */;
}
